
Microsoft Visual Studio Solution File, Format Version 12.00
# Visual Studio Version 17
VisualStudioVersion = 17.2.32630.192
MinimumVisualStudioVersion = 10.0.40219.1
Project("{9A19103F-16F7-4668-BE54-9A1E7A4F7556}") = "F10Y.L0060.Construction", "F10Y.L0060.Construction\F10Y.L0060.Construction.csproj", "{B66E1034-FE5C-41B3-BCE3-DC427A984BE7}"
EndProject
Project("{9A19103F-16F7-4668-BE54-9A1E7A4F7556}") = "F10Y.L0060", "F10Y.L0060\F10Y.L0060.csproj", "{80BE7AB6-62AE-423A-9AE4-4228D8F52C04}"
EndProject
Project("{9A19103F-16F7-4668-BE54-9A1E7A4F7556}") = "F10Y.L0060.Q000", "F10Y.L0060.Q000\F10Y.L0060.Q000.csproj", "{31D06870-02E8-4B1B-B9EE-881BC1516824}"
EndProject
Project("{2150E333-8FDC-42A3-9474-1A3956D46DE8}") = "_Dependencies", "_Dependencies", "{10E98BB4-C54B-41FD-A2B0-F2525CF944C3}"
EndProject
Project("{9A19103F-16F7-4668-BE54-9A1E7A4F7556}") = "F10Y.L0000", "..\..\F10Y.L0000\source\F10Y.L0000\F10Y.L0000.csproj", "{7C3FD501-9E58-407C-B41F-A799783B5D8B}"
EndProject
Project("{9A19103F-16F7-4668-BE54-9A1E7A4F7556}") = "F10Y.T0000", "..\..\F10Y.T0000\source\F10Y.T0000\F10Y.T0000.csproj", "{6AB23EE9-FCA7-4D19-AD1F-93E74D5693EC}"
EndProject
Project("{9A19103F-16F7-4668-BE54-9A1E7A4F7556}") = "F10Y.T0001", "..\..\F10Y.T0001\source\F10Y.T0001\F10Y.T0001.csproj", "{AABBF3D4-C6C3-419F-AADF-2996AF8CC5DB}"
EndProject
Project("{9A19103F-16F7-4668-BE54-9A1E7A4F7556}") = "F10Y.T0002", "..\..\F10Y.T0002\source\F10Y.T0002\F10Y.T0002.csproj", "{6DF4DD60-F053-4879-B2CC-443344DCBC58}"
EndProject
Project("{9A19103F-16F7-4668-BE54-9A1E7A4F7556}") = "F10Y.T0003", "..\..\F10Y.T0003\source\F10Y.T0003\F10Y.T0003.csproj", "{B9334DF5-F408-4C49-BD5E-5D543E6D3389}"
EndProject
Project("{9A19103F-16F7-4668-BE54-9A1E7A4F7556}") = "F10Y.T0004", "..\..\F10Y.T0004\source\F10Y.T0004\F10Y.T0004.csproj", "{331558AA-9226-404B-AFD2-F0D8B77F46AD}"
EndProject
Project("{9A19103F-16F7-4668-BE54-9A1E7A4F7556}") = "F10Y.T0011", "..\..\F10Y.T0011\source\F10Y.T0011\F10Y.T0011.csproj", "{EE752DCA-1043-4098-94E3-946B9EB3F44A}"
EndProject
Project("{9A19103F-16F7-4668-BE54-9A1E7A4F7556}") = "F10Y.Y0000", "..\..\F10Y.Y0000\source\F10Y.Y0000\F10Y.Y0000.csproj", "{23495F37-4855-4FCC-A3D9-B66291C08914}"
EndProject
Project("{9A19103F-16F7-4668-BE54-9A1E7A4F7556}") = "F10Y.L0004.L000", "..\..\F10Y.L0004\source\F10Y.L0004.L000\F10Y.L0004.L000.csproj", "{4D8C4756-FFA4-4542-834F-A51BAC71E6C9}"
EndProject
Project("{9A19103F-16F7-4668-BE54-9A1E7A4F7556}") = "F10Y.L0019", "..\..\F10Y.L0019\source\F10Y.L0019\F10Y.L0019.csproj", "{B1D9D8ED-E9D9-4508-BF02-4ABD63AC78FC}"
EndProject
Project("{9A19103F-16F7-4668-BE54-9A1E7A4F7556}") = "F10Y.T0006", "..\..\F10Y.T0006\source\F10Y.T0006\F10Y.T0006.csproj", "{2F3A9F1C-25CC-41A0-A144-B0096C2E0304}"
EndProject
Project("{9A19103F-16F7-4668-BE54-9A1E7A4F7556}") = "F10Y.L0001.L001", "..\..\F10Y.L0001\source\F10Y.L0001.L001\F10Y.L0001.L001.csproj", "{C7AA1C6D-E8BE-4A70-AE5B-3785041A1E86}"
EndProject
Project("{9A19103F-16F7-4668-BE54-9A1E7A4F7556}") = "F10Y.Z0000.Z000", "..\..\F10Y.Z0000\source\F10Y.Z0000.Z000\F10Y.Z0000.Z000.csproj", "{2675F63B-F38A-450A-B2D4-A7536D8E7685}"
EndProject
Project("{9A19103F-16F7-4668-BE54-9A1E7A4F7556}") = "F10Y.Z0000.Z001", "..\..\F10Y.Z0000\source\F10Y.Z0000.Z001\F10Y.Z0000.Z001.csproj", "{F04BA239-5B40-426B-BEF5-975FE669B674}"
EndProject
Project("{9A19103F-16F7-4668-BE54-9A1E7A4F7556}") = "F10Y.Z0000", "..\..\F10Y.Z0000\source\F10Y.Z0000\F10Y.Z0000.csproj", "{4E6C7B2E-B0EB-4979-80EC-C136E982F6DA}"
EndProject
Project("{9A19103F-16F7-4668-BE54-9A1E7A4F7556}") = "F10Y.L0001.L000", "..\..\F10Y.L0001\source\F10Y.L0001.L000\F10Y.L0001.L000.csproj", "{7C1E95EA-D293-4428-A3E0-C3F64928BF7B}"
EndProject
Project("{9A19103F-16F7-4668-BE54-9A1E7A4F7556}") = "F10Y.L0001.L002", "..\..\F10Y.L0001\source\F10Y.L0001.L002\F10Y.L0001.L002.csproj", "{D8367D37-35B8-4A1F-98D9-09FB7F312EA6}"
EndProject
Project("{9A19103F-16F7-4668-BE54-9A1E7A4F7556}") = "F10Y.L0001.L003", "..\..\F10Y.L0001\source\F10Y.L0001.L003\F10Y.L0001.L003.csproj", "{86DBEDB8-8D4F-4F21-8386-485BFF72BEB0}"
EndProject
Project("{9A19103F-16F7-4668-BE54-9A1E7A4F7556}") = "F10Y.L0001.T000", "..\..\F10Y.L0001\source\F10Y.L0001.T000\F10Y.L0001.T000.csproj", "{1FEEC2D1-86BE-46DD-8D44-2C671A4AC928}"
EndProject
Project("{9A19103F-16F7-4668-BE54-9A1E7A4F7556}") = "F10Y.L0001.X000", "..\..\F10Y.L0001\source\F10Y.L0001.X000\F10Y.L0001.X000.csproj", "{BEE7DC6A-5139-467A-B418-5A21DD444D72}"
EndProject
Project("{9A19103F-16F7-4668-BE54-9A1E7A4F7556}") = "F10Y.L0001.Z000", "..\..\F10Y.L0001\source\F10Y.L0001.Z000\F10Y.L0001.Z000.csproj", "{C39E12AF-4613-49CF-A486-2F3C8A577E2C}"
EndProject
Project("{9A19103F-16F7-4668-BE54-9A1E7A4F7556}") = "F10Y.L0001", "..\..\F10Y.L0001\source\F10Y.L0001\F10Y.L0001.csproj", "{EF83A9EA-D7D4-4CA5-B637-90F552832123}"
EndProject
Global
	GlobalSection(NestedProjects) = preSolution
		{7C3FD501-9E58-407C-B41F-A799783B5D8B} = {10E98BB4-C54B-41FD-A2B0-F2525CF944C3}
		{6AB23EE9-FCA7-4D19-AD1F-93E74D5693EC} = {10E98BB4-C54B-41FD-A2B0-F2525CF944C3}
		{AABBF3D4-C6C3-419F-AADF-2996AF8CC5DB} = {10E98BB4-C54B-41FD-A2B0-F2525CF944C3}
		{6DF4DD60-F053-4879-B2CC-443344DCBC58} = {10E98BB4-C54B-41FD-A2B0-F2525CF944C3}
		{B9334DF5-F408-4C49-BD5E-5D543E6D3389} = {10E98BB4-C54B-41FD-A2B0-F2525CF944C3}
		{331558AA-9226-404B-AFD2-F0D8B77F46AD} = {10E98BB4-C54B-41FD-A2B0-F2525CF944C3}
		{EE752DCA-1043-4098-94E3-946B9EB3F44A} = {10E98BB4-C54B-41FD-A2B0-F2525CF944C3}
		{23495F37-4855-4FCC-A3D9-B66291C08914} = {10E98BB4-C54B-41FD-A2B0-F2525CF944C3}
		{4D8C4756-FFA4-4542-834F-A51BAC71E6C9} = {10E98BB4-C54B-41FD-A2B0-F2525CF944C3}
		{B1D9D8ED-E9D9-4508-BF02-4ABD63AC78FC} = {10E98BB4-C54B-41FD-A2B0-F2525CF944C3}
		{2F3A9F1C-25CC-41A0-A144-B0096C2E0304} = {10E98BB4-C54B-41FD-A2B0-F2525CF944C3}
		{C7AA1C6D-E8BE-4A70-AE5B-3785041A1E86} = {10E98BB4-C54B-41FD-A2B0-F2525CF944C3}
		{2675F63B-F38A-450A-B2D4-A7536D8E7685} = {10E98BB4-C54B-41FD-A2B0-F2525CF944C3}
		{F04BA239-5B40-426B-BEF5-975FE669B674} = {10E98BB4-C54B-41FD-A2B0-F2525CF944C3}
		{4E6C7B2E-B0EB-4979-80EC-C136E982F6DA} = {10E98BB4-C54B-41FD-A2B0-F2525CF944C3}
		{7C1E95EA-D293-4428-A3E0-C3F64928BF7B} = {10E98BB4-C54B-41FD-A2B0-F2525CF944C3}
		{D8367D37-35B8-4A1F-98D9-09FB7F312EA6} = {10E98BB4-C54B-41FD-A2B0-F2525CF944C3}
		{86DBEDB8-8D4F-4F21-8386-485BFF72BEB0} = {10E98BB4-C54B-41FD-A2B0-F2525CF944C3}
		{1FEEC2D1-86BE-46DD-8D44-2C671A4AC928} = {10E98BB4-C54B-41FD-A2B0-F2525CF944C3}
		{BEE7DC6A-5139-467A-B418-5A21DD444D72} = {10E98BB4-C54B-41FD-A2B0-F2525CF944C3}
		{C39E12AF-4613-49CF-A486-2F3C8A577E2C} = {10E98BB4-C54B-41FD-A2B0-F2525CF944C3}
		{EF83A9EA-D7D4-4CA5-B637-90F552832123} = {10E98BB4-C54B-41FD-A2B0-F2525CF944C3}
	EndGlobalSection
	GlobalSection(SolutionConfigurationPlatforms) = preSolution
		Debug|Any CPU = Debug|Any CPU
		Release|Any CPU = Release|Any CPU
	EndGlobalSection
	GlobalSection(ProjectConfigurationPlatforms) = postSolution
		{B66E1034-FE5C-41B3-BCE3-DC427A984BE7}.Debug|Any CPU.ActiveCfg = Debug|Any CPU
		{B66E1034-FE5C-41B3-BCE3-DC427A984BE7}.Debug|Any CPU.Build.0 = Debug|Any CPU
		{B66E1034-FE5C-41B3-BCE3-DC427A984BE7}.Release|Any CPU.ActiveCfg = Release|Any CPU
		{B66E1034-FE5C-41B3-BCE3-DC427A984BE7}.Release|Any CPU.Build.0 = Release|Any CPU
		{80BE7AB6-62AE-423A-9AE4-4228D8F52C04}.Debug|Any CPU.ActiveCfg = Debug|Any CPU
		{80BE7AB6-62AE-423A-9AE4-4228D8F52C04}.Debug|Any CPU.Build.0 = Debug|Any CPU
		{80BE7AB6-62AE-423A-9AE4-4228D8F52C04}.Release|Any CPU.ActiveCfg = Release|Any CPU
		{80BE7AB6-62AE-423A-9AE4-4228D8F52C04}.Release|Any CPU.Build.0 = Release|Any CPU
		{31D06870-02E8-4B1B-B9EE-881BC1516824}.Debug|Any CPU.ActiveCfg = Debug|Any CPU
		{31D06870-02E8-4B1B-B9EE-881BC1516824}.Debug|Any CPU.Build.0 = Debug|Any CPU
		{31D06870-02E8-4B1B-B9EE-881BC1516824}.Release|Any CPU.ActiveCfg = Release|Any CPU
		{31D06870-02E8-4B1B-B9EE-881BC1516824}.Release|Any CPU.Build.0 = Release|Any CPU
		{7C3FD501-9E58-407C-B41F-A799783B5D8B}.Debug|Any CPU.ActiveCfg = Debug|Any CPU
		{7C3FD501-9E58-407C-B41F-A799783B5D8B}.Debug|Any CPU.Build.0 = Debug|Any CPU
		{7C3FD501-9E58-407C-B41F-A799783B5D8B}.Release|Any CPU.ActiveCfg = Release|Any CPU
		{7C3FD501-9E58-407C-B41F-A799783B5D8B}.Release|Any CPU.Build.0 = Release|Any CPU
		{6AB23EE9-FCA7-4D19-AD1F-93E74D5693EC}.Debug|Any CPU.ActiveCfg = Debug|Any CPU
		{6AB23EE9-FCA7-4D19-AD1F-93E74D5693EC}.Debug|Any CPU.Build.0 = Debug|Any CPU
		{6AB23EE9-FCA7-4D19-AD1F-93E74D5693EC}.Release|Any CPU.ActiveCfg = Release|Any CPU
		{6AB23EE9-FCA7-4D19-AD1F-93E74D5693EC}.Release|Any CPU.Build.0 = Release|Any CPU
		{AABBF3D4-C6C3-419F-AADF-2996AF8CC5DB}.Debug|Any CPU.ActiveCfg = Debug|Any CPU
		{AABBF3D4-C6C3-419F-AADF-2996AF8CC5DB}.Debug|Any CPU.Build.0 = Debug|Any CPU
		{AABBF3D4-C6C3-419F-AADF-2996AF8CC5DB}.Release|Any CPU.ActiveCfg = Release|Any CPU
		{AABBF3D4-C6C3-419F-AADF-2996AF8CC5DB}.Release|Any CPU.Build.0 = Release|Any CPU
		{6DF4DD60-F053-4879-B2CC-443344DCBC58}.Debug|Any CPU.ActiveCfg = Debug|Any CPU
		{6DF4DD60-F053-4879-B2CC-443344DCBC58}.Debug|Any CPU.Build.0 = Debug|Any CPU
		{6DF4DD60-F053-4879-B2CC-443344DCBC58}.Release|Any CPU.ActiveCfg = Release|Any CPU
		{6DF4DD60-F053-4879-B2CC-443344DCBC58}.Release|Any CPU.Build.0 = Release|Any CPU
		{B9334DF5-F408-4C49-BD5E-5D543E6D3389}.Debug|Any CPU.ActiveCfg = Debug|Any CPU
		{B9334DF5-F408-4C49-BD5E-5D543E6D3389}.Debug|Any CPU.Build.0 = Debug|Any CPU
		{B9334DF5-F408-4C49-BD5E-5D543E6D3389}.Release|Any CPU.ActiveCfg = Release|Any CPU
		{B9334DF5-F408-4C49-BD5E-5D543E6D3389}.Release|Any CPU.Build.0 = Release|Any CPU
		{331558AA-9226-404B-AFD2-F0D8B77F46AD}.Debug|Any CPU.ActiveCfg = Debug|Any CPU
		{331558AA-9226-404B-AFD2-F0D8B77F46AD}.Debug|Any CPU.Build.0 = Debug|Any CPU
		{331558AA-9226-404B-AFD2-F0D8B77F46AD}.Release|Any CPU.ActiveCfg = Release|Any CPU
		{331558AA-9226-404B-AFD2-F0D8B77F46AD}.Release|Any CPU.Build.0 = Release|Any CPU
		{EE752DCA-1043-4098-94E3-946B9EB3F44A}.Debug|Any CPU.ActiveCfg = Debug|Any CPU
		{EE752DCA-1043-4098-94E3-946B9EB3F44A}.Debug|Any CPU.Build.0 = Debug|Any CPU
		{EE752DCA-1043-4098-94E3-946B9EB3F44A}.Release|Any CPU.ActiveCfg = Release|Any CPU
		{EE752DCA-1043-4098-94E3-946B9EB3F44A}.Release|Any CPU.Build.0 = Release|Any CPU
		{23495F37-4855-4FCC-A3D9-B66291C08914}.Debug|Any CPU.ActiveCfg = Debug|Any CPU
		{23495F37-4855-4FCC-A3D9-B66291C08914}.Debug|Any CPU.Build.0 = Debug|Any CPU
		{23495F37-4855-4FCC-A3D9-B66291C08914}.Release|Any CPU.ActiveCfg = Release|Any CPU
		{23495F37-4855-4FCC-A3D9-B66291C08914}.Release|Any CPU.Build.0 = Release|Any CPU
		{4D8C4756-FFA4-4542-834F-A51BAC71E6C9}.Debug|Any CPU.ActiveCfg = Debug|Any CPU
		{4D8C4756-FFA4-4542-834F-A51BAC71E6C9}.Debug|Any CPU.Build.0 = Debug|Any CPU
		{4D8C4756-FFA4-4542-834F-A51BAC71E6C9}.Release|Any CPU.ActiveCfg = Release|Any CPU
		{4D8C4756-FFA4-4542-834F-A51BAC71E6C9}.Release|Any CPU.Build.0 = Release|Any CPU
		{B1D9D8ED-E9D9-4508-BF02-4ABD63AC78FC}.Debug|Any CPU.ActiveCfg = Debug|Any CPU
		{B1D9D8ED-E9D9-4508-BF02-4ABD63AC78FC}.Debug|Any CPU.Build.0 = Debug|Any CPU
		{B1D9D8ED-E9D9-4508-BF02-4ABD63AC78FC}.Release|Any CPU.ActiveCfg = Release|Any CPU
		{B1D9D8ED-E9D9-4508-BF02-4ABD63AC78FC}.Release|Any CPU.Build.0 = Release|Any CPU
		{2F3A9F1C-25CC-41A0-A144-B0096C2E0304}.Debug|Any CPU.ActiveCfg = Debug|Any CPU
		{2F3A9F1C-25CC-41A0-A144-B0096C2E0304}.Debug|Any CPU.Build.0 = Debug|Any CPU
		{2F3A9F1C-25CC-41A0-A144-B0096C2E0304}.Release|Any CPU.ActiveCfg = Release|Any CPU
		{2F3A9F1C-25CC-41A0-A144-B0096C2E0304}.Release|Any CPU.Build.0 = Release|Any CPU
		{C7AA1C6D-E8BE-4A70-AE5B-3785041A1E86}.Debug|Any CPU.ActiveCfg = Debug|Any CPU
		{C7AA1C6D-E8BE-4A70-AE5B-3785041A1E86}.Debug|Any CPU.Build.0 = Debug|Any CPU
		{C7AA1C6D-E8BE-4A70-AE5B-3785041A1E86}.Release|Any CPU.ActiveCfg = Release|Any CPU
		{C7AA1C6D-E8BE-4A70-AE5B-3785041A1E86}.Release|Any CPU.Build.0 = Release|Any CPU
		{2675F63B-F38A-450A-B2D4-A7536D8E7685}.Debug|Any CPU.ActiveCfg = Debug|Any CPU
		{2675F63B-F38A-450A-B2D4-A7536D8E7685}.Debug|Any CPU.Build.0 = Debug|Any CPU
		{2675F63B-F38A-450A-B2D4-A7536D8E7685}.Release|Any CPU.ActiveCfg = Release|Any CPU
		{2675F63B-F38A-450A-B2D4-A7536D8E7685}.Release|Any CPU.Build.0 = Release|Any CPU
		{F04BA239-5B40-426B-BEF5-975FE669B674}.Debug|Any CPU.ActiveCfg = Debug|Any CPU
		{F04BA239-5B40-426B-BEF5-975FE669B674}.Debug|Any CPU.Build.0 = Debug|Any CPU
		{F04BA239-5B40-426B-BEF5-975FE669B674}.Release|Any CPU.ActiveCfg = Release|Any CPU
		{F04BA239-5B40-426B-BEF5-975FE669B674}.Release|Any CPU.Build.0 = Release|Any CPU
		{4E6C7B2E-B0EB-4979-80EC-C136E982F6DA}.Debug|Any CPU.ActiveCfg = Debug|Any CPU
		{4E6C7B2E-B0EB-4979-80EC-C136E982F6DA}.Debug|Any CPU.Build.0 = Debug|Any CPU
		{4E6C7B2E-B0EB-4979-80EC-C136E982F6DA}.Release|Any CPU.ActiveCfg = Release|Any CPU
		{4E6C7B2E-B0EB-4979-80EC-C136E982F6DA}.Release|Any CPU.Build.0 = Release|Any CPU
		{7C1E95EA-D293-4428-A3E0-C3F64928BF7B}.Debug|Any CPU.ActiveCfg = Debug|Any CPU
		{7C1E95EA-D293-4428-A3E0-C3F64928BF7B}.Debug|Any CPU.Build.0 = Debug|Any CPU
		{7C1E95EA-D293-4428-A3E0-C3F64928BF7B}.Release|Any CPU.ActiveCfg = Release|Any CPU
		{7C1E95EA-D293-4428-A3E0-C3F64928BF7B}.Release|Any CPU.Build.0 = Release|Any CPU
		{D8367D37-35B8-4A1F-98D9-09FB7F312EA6}.Debug|Any CPU.ActiveCfg = Debug|Any CPU
		{D8367D37-35B8-4A1F-98D9-09FB7F312EA6}.Debug|Any CPU.Build.0 = Debug|Any CPU
		{D8367D37-35B8-4A1F-98D9-09FB7F312EA6}.Release|Any CPU.ActiveCfg = Release|Any CPU
		{D8367D37-35B8-4A1F-98D9-09FB7F312EA6}.Release|Any CPU.Build.0 = Release|Any CPU
		{86DBEDB8-8D4F-4F21-8386-485BFF72BEB0}.Debug|Any CPU.ActiveCfg = Debug|Any CPU
		{86DBEDB8-8D4F-4F21-8386-485BFF72BEB0}.Debug|Any CPU.Build.0 = Debug|Any CPU
		{86DBEDB8-8D4F-4F21-8386-485BFF72BEB0}.Release|Any CPU.ActiveCfg = Release|Any CPU
		{86DBEDB8-8D4F-4F21-8386-485BFF72BEB0}.Release|Any CPU.Build.0 = Release|Any CPU
		{1FEEC2D1-86BE-46DD-8D44-2C671A4AC928}.Debug|Any CPU.ActiveCfg = Debug|Any CPU
		{1FEEC2D1-86BE-46DD-8D44-2C671A4AC928}.Debug|Any CPU.Build.0 = Debug|Any CPU
		{1FEEC2D1-86BE-46DD-8D44-2C671A4AC928}.Release|Any CPU.ActiveCfg = Release|Any CPU
		{1FEEC2D1-86BE-46DD-8D44-2C671A4AC928}.Release|Any CPU.Build.0 = Release|Any CPU
		{BEE7DC6A-5139-467A-B418-5A21DD444D72}.Debug|Any CPU.ActiveCfg = Debug|Any CPU
		{BEE7DC6A-5139-467A-B418-5A21DD444D72}.Debug|Any CPU.Build.0 = Debug|Any CPU
		{BEE7DC6A-5139-467A-B418-5A21DD444D72}.Release|Any CPU.ActiveCfg = Release|Any CPU
		{BEE7DC6A-5139-467A-B418-5A21DD444D72}.Release|Any CPU.Build.0 = Release|Any CPU
		{C39E12AF-4613-49CF-A486-2F3C8A577E2C}.Debug|Any CPU.ActiveCfg = Debug|Any CPU
		{C39E12AF-4613-49CF-A486-2F3C8A577E2C}.Debug|Any CPU.Build.0 = Debug|Any CPU
		{C39E12AF-4613-49CF-A486-2F3C8A577E2C}.Release|Any CPU.ActiveCfg = Release|Any CPU
		{C39E12AF-4613-49CF-A486-2F3C8A577E2C}.Release|Any CPU.Build.0 = Release|Any CPU
		{EF83A9EA-D7D4-4CA5-B637-90F552832123}.Debug|Any CPU.ActiveCfg = Debug|Any CPU
		{EF83A9EA-D7D4-4CA5-B637-90F552832123}.Debug|Any CPU.Build.0 = Debug|Any CPU
		{EF83A9EA-D7D4-4CA5-B637-90F552832123}.Release|Any CPU.ActiveCfg = Release|Any CPU
		{EF83A9EA-D7D4-4CA5-B637-90F552832123}.Release|Any CPU.Build.0 = Release|Any CPU
	EndGlobalSection
	GlobalSection(SolutionProperties) = preSolution
		HideSolutionNode = FALSE
	EndGlobalSection
	GlobalSection(ExtensibilityGlobals) = postSolution
		SolutionGuid = {F4324253-A9D0-4BCE-85D4-D4F1CB69017F}
	EndGlobalSection
EndGlobal
